// !$*UTF8*$!
{
	archiveVersion = 1;
	classes = {
	};
	objectVersion = 77;
	objects = {

/* Begin PBXContainerItemProxy section */
		452ADD9B2E2EEB770089299B /* PBXContainerItemProxy */ = {
			isa = PBXContainerItemProxy;
			containerPortal = 452ADD822E2EEB750089299B /* Project object */;
			proxyType = 1;
			remoteGlobalIDString = 452ADD892E2EEB750089299B;
			remoteInfo = SoulSupport;
		};
		452ADDA52E2EEB770089299B /* PBXContainerItemProxy */ = {
			isa = PBXContainerItemProxy;
			containerPortal = 452ADD822E2EEB750089299B /* Project object */;
			proxyType = 1;
			remoteGlobalIDString = 452ADD892E2EEB750089299B;
			remoteInfo = SoulSupport;
		};
/* End PBXContainerItemProxy section */

/* Begin PBXFileReference section */
		452ADD8A2E2EEB750089299B /* SoulSupport.app */ = {isa = PBXFileReference; explicitFileType = wrapper.application; includeInIndex = 0; path = SoulSupport.app; sourceTree = BUILT_PRODUCTS_DIR; };
		452ADD9A2E2EEB770089299B /* SoulSupportTests.xctest */ = {isa = PBXFileReference; explicitFileType = wrapper.cfbundle; includeInIndex = 0; path = SoulSupportTests.xctest; sourceTree = BUILT_PRODUCTS_DIR; };
		452ADDA42E2EEB770089299B /* SoulSupportUITests.xctest */ = {isa = PBXFileReference; explicitFileType = wrapper.cfbundle; includeInIndex = 0; path = SoulSupportUITests.xctest; sourceTree = BUILT_PRODUCTS_DIR; };
/* End PBXFileReference section */

/* Begin PBXFileSystemSynchronizedBuildFileExceptionSet section */
		452ADDD72E2EF3A10089299B /* Exceptions for "SoulSupport" folder in "SoulSupport" target */ = {
			isa = PBXFileSystemSynchronizedBuildFileExceptionSet;
			membershipExceptions = (
				Helpers/.gitignore,
				Secrets.plist,
			);
			target = 452ADD892E2EEB750089299B /* SoulSupport */;
		};
/* End PBXFileSystemSynchronizedBuildFileExceptionSet section */

/* Begin PBXFileSystemSynchronizedGroupBuildPhaseMembershipExceptionSet section */
		452ADDD82E2EF3A10089299B /* Exceptions for "SoulSupport" folder in "Compile Sources" phase from "SoulSupport" target */ = {
			isa = PBXFileSystemSynchronizedGroupBuildPhaseMembershipExceptionSet;
			buildPhase = 452ADD862E2EEB750089299B /* Sources */;
			membershipExceptions = (
				Helpers/.gitignore,
				Secrets.plist,
			);
		};
/* End PBXFileSystemSynchronizedGroupBuildPhaseMembershipExceptionSet section */

/* Begin PBXFileSystemSynchronizedRootGroup section */
		452ADD8C2E2EEB750089299B /* SoulSupport */ = {
			isa = PBXFileSystemSynchronizedRootGroup;
			exceptions = (
				452ADDD72E2EF3A10089299B /* Exceptions for "SoulSupport" folder in "SoulSupport" target */,
				452ADDD82E2EF3A10089299B /* Exceptions for "SoulSupport" folder in "Compile Sources" phase from "SoulSupport" target */,
			);
			path = SoulSupport;
			sourceTree = "<group>";
		};
		452ADD9D2E2EEB770089299B /* SoulSupportTests */ = {
			isa = PBXFileSystemSynchronizedRootGroup;
			path = SoulSupportTests;
			sourceTree = "<group>";
		};
		452ADDA72E2EEB770089299B /* SoulSupportUITests */ = {
			isa = PBXFileSystemSynchronizedRootGroup;
			path = SoulSupportUITests;
			sourceTree = "<group>";
		};
/* End PBXFileSystemSynchronizedRootGroup section */

/* Begin PBXFrameworksBuildPhase section */
		452ADD872E2EEB750089299B /* Frameworks */ = {
			isa = PBXFrameworksBuildPhase;
			buildActionMask = 2147483647;
			files = (
			);
			runOnlyForDeploymentPostprocessing = 0;
		};
		452ADD972E2EEB770089299B /* Frameworks */ = {
			isa = PBXFrameworksBuildPhase;
			buildActionMask = 2147483647;
			files = (
			);
			runOnlyForDeploymentPostprocessing = 0;
		};
		452ADDA12E2EEB770089299B /* Frameworks */ = {
			isa = PBXFrameworksBuildPhase;
			buildActionMask = 2147483647;
			files = (
			);
			runOnlyForDeploymentPostprocessing = 0;
		};
/* End PBXFrameworksBuildPhase section */

/* Begin PBXGroup section */
		452ADD812E2EEB750089299B = {
			isa = PBXGroup;
			children = (
				452ADD8C2E2EEB750089299B /* SoulSupport */,
				452ADD9D2E2EEB770089299B /* SoulSupportTests */,
				452ADDA72E2EEB770089299B /* SoulSupportUITests */,
				452ADD8B2E2EEB750089299B /* Products */,
			);
			sourceTree = "<group>";
		};
		452ADD8B2E2EEB750089299B /* Products */ = {
			isa = PBXGroup;
			children = (
				452ADD8A2E2EEB750089299B /* SoulSupport.app */,
				452ADD9A2E2EEB770089299B /* SoulSupportTests.xctest */,
				452ADDA42E2EEB770089299B /* SoulSupportUITests.xctest */,
			);
			name = Products;
			sourceTree = "<group>";
		};
/* End PBXGroup section */

/* Begin PBXNativeTarget section */
		452ADD892E2EEB750089299B /* SoulSupport */ = {
			isa = PBXNativeTarget;
			buildConfigurationList = 452ADDAE2E2EEB770089299B /* Build configuration list for PBXNativeTarget "SoulSupport" */;
			buildPhases = (
				452ADD862E2EEB750089299B /* Sources */,
				452ADD872E2EEB750089299B /* Frameworks */,
				452ADD882E2EEB750089299B /* Resources */,
			);
			buildRules = (
			);
			dependencies = (
			);
			fileSystemSynchronizedGroups = (
				452ADD8C2E2EEB750089299B /* SoulSupport */,
			);
			name = SoulSupport;
			packageProductDependencies = (
			);
			productName = SoulSupport;
			productReference = 452ADD8A2E2EEB750089299B /* SoulSupport.app */;
			productType = "com.apple.product-type.application";
		};
		452ADD992E2EEB770089299B /* SoulSupportTests */ = {
			isa = PBXNativeTarget;
			buildConfigurationList = 452ADDB12E2EEB770089299B /* Build configuration list for PBXNativeTarget "SoulSupportTests" */;
			buildPhases = (
				452ADD962E2EEB770089299B /* Sources */,
				452ADD972E2EEB770089299B /* Frameworks */,
				452ADD982E2EEB770089299B /* Resources */,
			);
			buildRules = (
			);
			dependencies = (
				452ADD9C2E2EEB770089299B /* PBXTargetDependency */,
			);
			fileSystemSynchronizedGroups = (
				452ADD9D2E2EEB770089299B /* SoulSupportTests */,
			);
			name = SoulSupportTests;
			packageProductDependencies = (
			);
			productName = SoulSupportTests;
			productReference = 452ADD9A2E2EEB770089299B /* SoulSupportTests.xctest */;
			productType = "com.apple.product-type.bundle.unit-test";
		};
		452ADDA32E2EEB770089299B /* SoulSupportUITests */ = {
			isa = PBXNativeTarget;
			buildConfigurationList = 452ADDB42E2EEB770089299B /* Build configuration list for PBXNativeTarget "SoulSupportUITests" */;
			buildPhases = (
				452ADDA02E2EEB770089299B /* Sources */,
				452ADDA12E2EEB770089299B /* Frameworks */,
				452ADDA22E2EEB770089299B /* Resources */,
			);
			buildRules = (
			);
			dependencies = (
				452ADDA62E2EEB770089299B /* PBXTargetDependency */,
			);
			fileSystemSynchronizedGroups = (
				452ADDA72E2EEB770089299B /* SoulSupportUITests */,
			);
			name = SoulSupportUITests;
			packageProductDependencies = (
			);
			productName = SoulSupportUITests;
			productReference = 452ADDA42E2EEB770089299B /* SoulSupportUITests.xctest */;
			productType = "com.apple.product-type.bundle.ui-testing";
		};
/* End PBXNativeTarget section */

/* Begin PBXProject section */
		452ADD822E2EEB750089299B /* Project object */ = {
			isa = PBXProject;
			attributes = {
				BuildIndependentTargetsInParallel = 1;
				LastSwiftUpdateCheck = 1620;
				LastUpgradeCheck = 1620;
				TargetAttributes = {
					452ADD892E2EEB750089299B = {
						CreatedOnToolsVersion = 16.2;
					};
					452ADD992E2EEB770089299B = {
						CreatedOnToolsVersion = 16.2;
						TestTargetID = 452ADD892E2EEB750089299B;
					};
					452ADDA32E2EEB770089299B = {
						CreatedOnToolsVersion = 16.2;
						TestTargetID = 452ADD892E2EEB750089299B;
					};
				};
			};
			buildConfigurationList = 452ADD852E2EEB750089299B /* Build configuration list for PBXProject "SoulSupport" */;
			developmentRegion = en;
			hasScannedForEncodings = 0;
			knownRegions = (
				en,
				Base,
			);
			mainGroup = 452ADD812E2EEB750089299B;
			minimizedProjectReferenceProxies = 1;
			packageReferences = (
				452ADE0C2E32DF900089299B /* XCRemoteSwiftPackageReference "lottie-ios" */,
			);
			preferredProjectObjectVersion = 77;
			productRefGroup = 452ADD8B2E2EEB750089299B /* Products */;
			projectDirPath = "";
			projectRoot = "";
			targets = (
				452ADD892E2EEB750089299B /* SoulSupport */,
				452ADD992E2EEB770089299B /* SoulSupportTests */,
				452ADDA32E2EEB770089299B /* SoulSupportUITests */,
			);
		};
/* End PBXProject section */

/* Begin PBXResourcesBuildPhase section */
		452ADD882E2EEB750089299B /* Resources */ = {
			isa = PBXResourcesBuildPhase;
			buildActionMask = 2147483647;
			files = (
			);
			runOnlyForDeploymentPostprocessing = 0;
		};
		452ADD982E2EEB770089299B /* Resources */ = {
			isa = PBXResourcesBuildPhase;
			buildActionMask = 2147483647;
			files = (
			);
			runOnlyForDeploymentPostprocessing = 0;
		};
		452ADDA22E2EEB770089299B /* Resources */ = {
			isa = PBXResourcesBuildPhase;
			buildActionMask = 2147483647;
			files = (
			);
			runOnlyForDeploymentPostprocessing = 0;
		};
/* End PBXResourcesBuildPhase section */

/* Begin PBXSourcesBuildPhase section */
		452ADD862E2EEB750089299B /* Sources */ = {
			isa = PBXSourcesBuildPhase;
			buildActionMask = 2147483647;
			files = (
			);
			runOnlyForDeploymentPostprocessing = 0;
		};
		452ADD962E2EEB770089299B /* Sources */ = {
			isa = PBXSourcesBuildPhase;
			buildActionMask = 2147483647;
			files = (
			);
			runOnlyForDeploymentPostprocessing = 0;
		};
		452ADDA02E2EEB770089299B /* Sources */ = {
			isa = PBXSourcesBuildPhase;
			buildActionMask = 2147483647;
			files = (
			);
			runOnlyForDeploymentPostprocessing = 0;
		};
/* End PBXSourcesBuildPhase section */

/* Begin PBXTargetDependency section */
		452ADD9C2E2EEB770089299B /* PBXTargetDependency */ = {
			isa = PBXTargetDependency;
			target = 452ADD892E2EEB750089299B /* SoulSupport */;
			targetProxy = 452ADD9B2E2EEB770089299B /* PBXContainerItemProxy */;
		};
		452ADDA62E2EEB770089299B /* PBXTargetDependency */ = {
			isa = PBXTargetDependency;
			target = 452ADD892E2EEB750089299B /* SoulSupport */;
			targetProxy = 452ADDA52E2EEB770089299B /* PBXContainerItemProxy */;
		};
/* End PBXTargetDependency section */

/* Begin XCBuildConfiguration section */
		452ADDAC2E2EEB770089299B /* Debug */ = {
			isa = XCBuildConfiguration;
			buildSettings = {
				ALWAYS_SEARCH_USER_PATHS = NO;
				ASSETCATALOG_COMPILER_GENERATE_SWIFT_ASSET_SYMBOL_EXTENSIONS = YES;
				CLANG_ANALYZER_NONNULL = YES;
				CLANG_ANALYZER_NUMBER_OBJECT_CONVERSION = YES_AGGRESSIVE;
				CLANG_CXX_LANGUAGE_STANDARD = "gnu++20";
				CLANG_ENABLE_MODULES = YES;
				CLANG_ENABLE_OBJC_ARC = YES;
				CLANG_ENABLE_OBJC_WEAK = YES;
				CLANG_WARN_BLOCK_CAPTURE_AUTORELEASING = YES;
				CLANG_WARN_BOOL_CONVERSION = YES;
				CLANG_WARN_COMMA = YES;
				CLANG_WARN_CONSTANT_CONVERSION = YES;
				CLANG_WARN_DEPRECATED_OBJC_IMPLEMENTATIONS = YES;
				CLANG_WARN_DIRECT_OBJC_ISA_USAGE = YES_ERROR;
				CLANG_WARN_DOCUMENTATION_COMMENTS = YES;
				CLANG_WARN_EMPTY_BODY = YES;
				CLANG_WARN_ENUM_CONVERSION = YES;
				CLANG_WARN_INFINITE_RECURSION = YES;
				CLANG_WARN_INT_CONVERSION = YES;
				CLANG_WARN_NON_LITERAL_NULL_CONVERSION = YES;
				CLANG_WARN_OBJC_IMPLICIT_RETAIN_SELF = YES;
				CLANG_WARN_OBJC_LITERAL_CONVERSION = YES;
				CLANG_WARN_OBJC_ROOT_CLASS = YES_ERROR;
				CLANG_WARN_QUOTED_INCLUDE_IN_FRAMEWORK_HEADER = YES;
				CLANG_WARN_RANGE_LOOP_ANALYSIS = YES;
				CLANG_WARN_STRICT_PROTOTYPES = YES;
				CLANG_WARN_SUSPICIOUS_MOVE = YES;
				CLANG_WARN_UNGUARDED_AVAILABILITY = YES_AGGRESSIVE;
				CLANG_WARN_UNREACHABLE_CODE = YES;
				CLANG_WARN__DUPLICATE_METHOD_MATCH = YES;
				COPY_PHASE_STRIP = NO;
				DEBUG_INFORMATION_FORMAT = dwarf;
				ENABLE_STRICT_OBJC_MSGSEND = YES;
				ENABLE_TESTABILITY = YES;
				ENABLE_USER_SCRIPT_SANDBOXING = YES;
				GCC_C_LANGUAGE_STANDARD = gnu17;
				GCC_DYNAMIC_NO_PIC = NO;
				GCC_NO_COMMON_BLOCKS = YES;
				GCC_OPTIMIZATION_LEVEL = 0;
				GCC_PREPROCESSOR_DEFINITIONS = (
					"DEBUG=1",
					"$(inherited)",
				);
				GCC_WARN_64_TO_32_BIT_CONVERSION = YES;
				GCC_WARN_ABOUT_RETURN_TYPE = YES_ERROR;
				GCC_WARN_UNDECLARED_SELECTOR = YES;
				GCC_WARN_UNINITIALIZED_AUTOS = YES_AGGRESSIVE;
				GCC_WARN_UNUSED_FUNCTION = YES;
				GCC_WARN_UNUSED_VARIABLE = YES;
				IPHONEOS_DEPLOYMENT_TARGET = 18.2;
				LOCALIZATION_PREFERS_STRING_CATALOGS = YES;
				MTL_ENABLE_DEBUG_INFO = INCLUDE_SOURCE;
				MTL_FAST_MATH = YES;
				ONLY_ACTIVE_ARCH = YES;
				SDKROOT = iphoneos;
				SWIFT_ACTIVE_COMPILATION_CONDITIONS = "DEBUG $(inherited)";
				SWIFT_OPTIMIZATION_LEVEL = "-Onone";
			};
			name = Debug;
		};
		452ADDAD2E2EEB770089299B /* Release */ = {
			isa = XCBuildConfiguration;
			buildSettings = {
				ALWAYS_SEARCH_USER_PATHS = NO;
				ASSETCATALOG_COMPILER_GENERATE_SWIFT_ASSET_SYMBOL_EXTENSIONS = YES;
				CLANG_ANALYZER_NONNULL = YES;
				CLANG_ANALYZER_NUMBER_OBJECT_CONVERSION = YES_AGGRESSIVE;
				CLANG_CXX_LANGUAGE_STANDARD = "gnu++20";
				CLANG_ENABLE_MODULES = YES;
				CLANG_ENABLE_OBJC_ARC = YES;
				CLANG_ENABLE_OBJC_WEAK = YES;
				CLANG_WARN_BLOCK_CAPTURE_AUTORELEASING = YES;
				CLANG_WARN_BOOL_CONVERSION = YES;
				CLANG_WARN_COMMA = YES;
				CLANG_WARN_CONSTANT_CONVERSION = YES;
				CLANG_WARN_DEPRECATED_OBJC_IMPLEMENTATIONS = YES;
				CLANG_WARN_DIRECT_OBJC_ISA_USAGE = YES_ERROR;
				CLANG_WARN_DOCUMENTATION_COMMENTS = YES;
				CLANG_WARN_EMPTY_BODY = YES;
				CLANG_WARN_ENUM_CONVERSION = YES;
				CLANG_WARN_INFINITE_RECURSION = YES;
				CLANG_WARN_INT_CONVERSION = YES;
				CLANG_WARN_NON_LITERAL_NULL_CONVERSION = YES;
				CLANG_WARN_OBJC_IMPLICIT_RETAIN_SELF = YES;
				CLANG_WARN_OBJC_LITERAL_CONVERSION = YES;
				CLANG_WARN_OBJC_ROOT_CLASS = YES_ERROR;
				CLANG_WARN_QUOTED_INCLUDE_IN_FRAMEWORK_HEADER = YES;
				CLANG_WARN_RANGE_LOOP_ANALYSIS = YES;
				CLANG_WARN_STRICT_PROTOTYPES = YES;
				CLANG_WARN_SUSPICIOUS_MOVE = YES;
				CLANG_WARN_UNGUARDED_AVAILABILITY = YES_AGGRESSIVE;
				CLANG_WARN_UNREACHABLE_CODE = YES;
				CLANG_WARN__DUPLICATE_METHOD_MATCH = YES;
				COPY_PHASE_STRIP = NO;
				DEBUG_INFORMATION_FORMAT = "dwarf-with-dsym";
				ENABLE_NS_ASSERTIONS = NO;
				ENABLE_STRICT_OBJC_MSGSEND = YES;
				ENABLE_USER_SCRIPT_SANDBOXING = YES;
				GCC_C_LANGUAGE_STANDARD = gnu17;
				GCC_NO_COMMON_BLOCKS = YES;
				GCC_WARN_64_TO_32_BIT_CONVERSION = YES;
				GCC_WARN_ABOUT_RETURN_TYPE = YES_ERROR;
				GCC_WARN_UNDECLARED_SELECTOR = YES;
				GCC_WARN_UNINITIALIZED_AUTOS = YES_AGGRESSIVE;
				GCC_WARN_UNUSED_FUNCTION = YES;
				GCC_WARN_UNUSED_VARIABLE = YES;
				IPHONEOS_DEPLOYMENT_TARGET = 18.2;
				LOCALIZATION_PREFERS_STRING_CATALOGS = YES;
				MTL_ENABLE_DEBUG_INFO = NO;
				MTL_FAST_MATH = YES;
				SDKROOT = iphoneos;
				SWIFT_COMPILATION_MODE = wholemodule;
				VALIDATE_PRODUCT = YES;
			};
			name = Release;
		};
		452ADDAF2E2EEB770089299B /* Debug */ = {
			isa = XCBuildConfiguration;
			buildSettings = {
				ASSETCATALOG_COMPILER_APPICON_NAME = AppIcon;
				ASSETCATALOG_COMPILER_GLOBAL_ACCENT_COLOR_NAME = AccentColor;
				CODE_SIGN_STYLE = Automatic;
				CURRENT_PROJECT_VERSION = 1;
				DEVELOPMENT_ASSET_PATHS = "\"SoulSupport/Preview Content\"";
				DEVELOPMENT_TEAM = ZJCQ9UJ9ZV;
				ENABLE_PREVIEWS = YES;
				GENERATE_INFOPLIST_FILE = YES;
				INFOPLIST_KEY_UIApplicationSceneManifest_Generation = YES;
				INFOPLIST_KEY_UIApplicationSupportsIndirectInputEvents = YES;
				INFOPLIST_KEY_UILaunchScreen_Generation = YES;
				INFOPLIST_KEY_UISupportedInterfaceOrientations_iPad = "UIInterfaceOrientationPortrait UIInterfaceOrientationPortraitUpsideDown UIInterfaceOrientationLandscapeLeft UIInterfaceOrientationLandscapeRight";
				INFOPLIST_KEY_UISupportedInterfaceOrientations_iPhone = "UIInterfaceOrientationPortrait UIInterfaceOrientationLandscapeLeft UIInterfaceOrientationLandscapeRight";
				LD_RUNPATH_SEARCH_PATHS = (
					"$(inherited)",
					"@executable_path/Frameworks",
				);
				MARKETING_VERSION = 1.0;
				PRODUCT_BUNDLE_IDENTIFIER = "-.SoulSupport";
				PRODUCT_NAME = "$(TARGET_NAME)";
				SWIFT_EMIT_LOC_STRINGS = YES;
				SWIFT_VERSION = 5.0;
				TARGETED_DEVICE_FAMILY = "1,2";
			};
			name = Debug;
		};
		452ADDB02E2EEB770089299B /* Release */ = {
			isa = XCBuildConfiguration;
			buildSettings = {
				ASSETCATALOG_COMPILER_APPICON_NAME = AppIcon;
				ASSETCATALOG_COMPILER_GLOBAL_ACCENT_COLOR_NAME = AccentColor;
				CODE_SIGN_STYLE = Automatic;
				CURRENT_PROJECT_VERSION = 1;
				DEVELOPMENT_ASSET_PATHS = "\"SoulSupport/Preview Content\"";
				DEVELOPMENT_TEAM = ZJCQ9UJ9ZV;
				ENABLE_PREVIEWS = YES;
				GENERATE_INFOPLIST_FILE = YES;
				INFOPLIST_KEY_UIApplicationSceneManifest_Generation = YES;
				INFOPLIST_KEY_UIApplicationSupportsIndirectInputEvents = YES;
				INFOPLIST_KEY_UILaunchScreen_Generation = YES;
				INFOPLIST_KEY_UISupportedInterfaceOrientations_iPad = "UIInterfaceOrientationPortrait UIInterfaceOrientationPortraitUpsideDown UIInterfaceOrientationLandscapeLeft UIInterfaceOrientationLandscapeRight";
				INFOPLIST_KEY_UISupportedInterfaceOrientations_iPhone = "UIInterfaceOrientationPortrait UIInterfaceOrientationLandscapeLeft UIInterfaceOrientationLandscapeRight";
				LD_RUNPATH_SEARCH_PATHS = (
					"$(inherited)",
					"@executable_path/Frameworks",
				);
				MARKETING_VERSION = 1.0;
				PRODUCT_BUNDLE_IDENTIFIER = "-.SoulSupport";
				PRODUCT_NAME = "$(TARGET_NAME)";
				SWIFT_EMIT_LOC_STRINGS = YES;
				SWIFT_VERSION = 5.0;
				TARGETED_DEVICE_FAMILY = "1,2";
			};
			name = Release;
		};
		452ADDB22E2EEB770089299B /* Debug */ = {
			isa = XCBuildConfiguration;
			buildSettings = {
				BUNDLE_LOADER = "$(TEST_HOST)";
				CODE_SIGN_STYLE = Automatic;
				CURRENT_PROJECT_VERSION = 1;
				DEVELOPMENT_TEAM = ZJCQ9UJ9ZV;
				GENERATE_INFOPLIST_FILE = YES;
				IPHONEOS_DEPLOYMENT_TARGET = 18.2;
				MARKETING_VERSION = 1.0;
				PRODUCT_BUNDLE_IDENTIFIER = "-.SoulSupportTests";
				PRODUCT_NAME = "$(TARGET_NAME)";
				SWIFT_EMIT_LOC_STRINGS = NO;
				SWIFT_VERSION = 5.0;
				TARGETED_DEVICE_FAMILY = "1,2";
				TEST_HOST = "$(BUILT_PRODUCTS_DIR)/SoulSupport.app/$(BUNDLE_EXECUTABLE_FOLDER_PATH)/SoulSupport";
			};
			name = Debug;
		};
		452ADDB32E2EEB770089299B /* Release */ = {
			isa = XCBuildConfiguration;
			buildSettings = {
				BUNDLE_LOADER = "$(TEST_HOST)";
				CODE_SIGN_STYLE = Automatic;
				CURRENT_PROJECT_VERSION = 1;
				DEVELOPMENT_TEAM = ZJCQ9UJ9ZV;
				GENERATE_INFOPLIST_FILE = YES;
				IPHONEOS_DEPLOYMENT_TARGET = 18.2;
				MARKETING_VERSION = 1.0;
				PRODUCT_BUNDLE_IDENTIFIER = "-.SoulSupportTests";
				PRODUCT_NAME = "$(TARGET_NAME)";
				SWIFT_EMIT_LOC_STRINGS = NO;
				SWIFT_VERSION = 5.0;
				TARGETED_DEVICE_FAMILY = "1,2";
				TEST_HOST = "$(BUILT_PRODUCTS_DIR)/SoulSupport.app/$(BUNDLE_EXECUTABLE_FOLDER_PATH)/SoulSupport";
			};
			name = Release;
		};
		452ADDB52E2EEB770089299B /* Debug */ = {
			isa = XCBuildConfiguration;
			buildSettings = {
				CODE_SIGN_STYLE = Automatic;
				CURRENT_PROJECT_VERSION = 1;
				DEVELOPMENT_TEAM = ZJCQ9UJ9ZV;
				GENERATE_INFOPLIST_FILE = YES;
				MARKETING_VERSION = 1.0;
				PRODUCT_BUNDLE_IDENTIFIER = "-.SoulSupportUITests";
				PRODUCT_NAME = "$(TARGET_NAME)";
				SWIFT_EMIT_LOC_STRINGS = NO;
				SWIFT_VERSION = 5.0;
				TARGETED_DEVICE_FAMILY = "1,2";
				TEST_TARGET_NAME = SoulSupport;
			};
			name = Debug;
		};
		452ADDB62E2EEB770089299B /* Release */ = {
			isa = XCBuildConfiguration;
			buildSettings = {
				CODE_SIGN_STYLE = Automatic;
				CURRENT_PROJECT_VERSION = 1;
				DEVELOPMENT_TEAM = ZJCQ9UJ9ZV;
				GENERATE_INFOPLIST_FILE = YES;
				MARKETING_VERSION = 1.0;
				PRODUCT_BUNDLE_IDENTIFIER = "-.SoulSupportUITests";
				PRODUCT_NAME = "$(TARGET_NAME)";
				SWIFT_EMIT_LOC_STRINGS = NO;
				SWIFT_VERSION = 5.0;
				TARGETED_DEVICE_FAMILY = "1,2";
				TEST_TARGET_NAME = SoulSupport;
			};
			name = Release;
		};
/* End XCBuildConfiguration section */

/* Begin XCConfigurationList section */
		452ADD852E2EEB750089299B /* Build configuration list for PBXProject "SoulSupport" */ = {
			isa = XCConfigurationList;
			buildConfigurations = (
				452ADDAC2E2EEB770089299B /* Debug */,
				452ADDAD2E2EEB770089299B /* Release */,
			);
			defaultConfigurationIsVisible = 0;
			defaultConfigurationName = Release;
		};
		452ADDAE2E2EEB770089299B /* Build configuration list for PBXNativeTarget "SoulSupport" */ = {
			isa = XCConfigurationList;
			buildConfigurations = (
				452ADDAF2E2EEB770089299B /* Debug */,
				452ADDB02E2EEB770089299B /* Release */,
			);
			defaultConfigurationIsVisible = 0;
			defaultConfigurationName = Release;
		};
		452ADDB12E2EEB770089299B /* Build configuration list for PBXNativeTarget "SoulSupportTests" */ = {
			isa = XCConfigurationList;
			buildConfigurations = (
				452ADDB22E2EEB770089299B /* Debug */,
				452ADDB32E2EEB770089299B /* Release */,
			);
			defaultConfigurationIsVisible = 0;
			defaultConfigurationName = Release;
		};
		452ADDB42E2EEB770089299B /* Build configuration list for PBXNativeTarget "SoulSupportUITests" */ = {
			isa = XCConfigurationList;
			buildConfigurations = (
				452ADDB52E2EEB770089299B /* Debug */,
				452ADDB62E2EEB770089299B /* Release */,
			);
			defaultConfigurationIsVisible = 0;
			defaultConfigurationName = Release;
		};
/* End XCConfigurationList section */

/* Begin XCRemoteSwiftPackageReference section */
		452ADE0C2E32DF900089299B /* XCRemoteSwiftPackageReference "lottie-ios" */ = {
			isa = XCRemoteSwiftPackageReference;
			repositoryURL = "https://github.com/airbnb/lottie-ios";
			requirement = {
				kind = upToNextMajorVersion;
				minimumVersion = 4.5.2;
			};
		};
/* End XCRemoteSwiftPackageReference section */
	};
	rootObject = 452ADD822E2EEB750089299B /* Project object */;
}
